
Microsoft Visual Studio Solution File, Format Version 12.00
# Visual Studio 15
VisualStudioVersion = 15.0.28307.1340
MinimumVisualStudioVersion = 10.0.40219.1
Project("{FAE04EC0-301F-11D3-BF4B-00C04F79EFBC}") = "form_label_textbox", "form_label_textbox\form_label_textbox.csproj", "{A2CDE398-6CFF-430E-9AD8-07F45A7AA1CA}"
EndProject
Global
	GlobalSection(SolutionConfigurationPlatforms) = preSolution
		Debug|Any CPU = Debug|Any CPU
		Release|Any CPU = Release|Any CPU
	EndGlobalSection
	GlobalSection(ProjectConfigurationPlatforms) = postSolution
		{A2CDE398-6CFF-430E-9AD8-07F45A7AA1CA}.Debug|Any CPU.ActiveCfg = Debug|Any CPU
		{A2CDE398-6CFF-430E-9AD8-07F45A7AA1CA}.Debug|Any CPU.Build.0 = Debug|Any CPU
		{A2CDE398-6CFF-430E-9AD8-07F45A7AA1CA}.Release|Any CPU.ActiveCfg = Release|Any CPU
		{A2CDE398-6CFF-430E-9AD8-07F45A7AA1CA}.Release|Any CPU.Build.0 = Release|Any CPU
	EndGlobalSection
	GlobalSection(SolutionProperties) = preSolution
		HideSolutionNode = FALSE
	EndGlobalSection
	GlobalSection(ExtensibilityGlobals) = postSolution
		SolutionGuid = {886AD8C7-4452-47B1-9118-BFE5DD8BD5F4}
	EndGlobalSection
EndGlobal
